
Microsoft Visual Studio Solution File, Format Version 12.00
# Visual Studio Version 17
VisualStudioVersion = 17.0.31903.59
MinimumVisualStudioVersion = 10.0.40219.1
Project("{2150E333-8FDC-42A3-9474-1A3956D46DE8}") = "src", "src", "{827E0CD3-B72D-47B6-A68D-7590B98EB39B}"
EndProject
Project("{FAE04EC0-301F-11D3-BF4B-00C04F79EFBC}") = "TNest.Api", "src\TNest.Api\TNest.Api.csproj", "{4C16FF30-7CFC-4C3E-8067-E5C2051D54E5}"
EndProject
Project("{FAE04EC0-301F-11D3-BF4B-00C04F79EFBC}") = "TNest.Infrastructure", "src\TNest.Infrastructure\TNest.Infrastructure.csproj", "{E6BE9C19-D544-4B4C-8809-E89654AE2D22}"
EndProject
Project("{2150E333-8FDC-42A3-9474-1A3956D46DE8}") = "tests", "tests", "{0AB3BF05-4346-4AA6-1389-037BE0695223}"
EndProject
Project("{FAE04EC0-301F-11D3-BF4B-00C04F79EFBC}") = "TNest.Tests", "tests\TNest.Tests\TNest.Tests.csproj", "{2CCF227A-3B31-42FB-9E95-AD75D6C9DD94}"
EndProject
Project("{FAE04EC0-301F-11D3-BF4B-00C04F79EFBC}") = "TNest.Domain", "src\TNest.Domain\TNest.Domain.csproj", "{EB7CBF7A-CFDD-4567-9587-AAA94CC999F7}"
EndProject
Project("{FAE04EC0-301F-11D3-BF4B-00C04F79EFBC}") = "TNest.Application", "src\TNest.Application\TNest.Application.csproj", "{9DF2486F-B9DD-4CBD-817C-7ED662E23F5F}"
EndProject
Global
	GlobalSection(SolutionConfigurationPlatforms) = preSolution
		Debug|Any CPU = Debug|Any CPU
		Debug|x64 = Debug|x64
		Debug|x86 = Debug|x86
		Release|Any CPU = Release|Any CPU
		Release|x64 = Release|x64
		Release|x86 = Release|x86
	EndGlobalSection
	GlobalSection(ProjectConfigurationPlatforms) = postSolution
		{4C16FF30-7CFC-4C3E-8067-E5C2051D54E5}.Debug|Any CPU.ActiveCfg = Debug|Any CPU
		{4C16FF30-7CFC-4C3E-8067-E5C2051D54E5}.Debug|Any CPU.Build.0 = Debug|Any CPU
		{4C16FF30-7CFC-4C3E-8067-E5C2051D54E5}.Debug|x64.ActiveCfg = Debug|Any CPU
		{4C16FF30-7CFC-4C3E-8067-E5C2051D54E5}.Debug|x64.Build.0 = Debug|Any CPU
		{4C16FF30-7CFC-4C3E-8067-E5C2051D54E5}.Debug|x86.ActiveCfg = Debug|Any CPU
		{4C16FF30-7CFC-4C3E-8067-E5C2051D54E5}.Debug|x86.Build.0 = Debug|Any CPU
		{4C16FF30-7CFC-4C3E-8067-E5C2051D54E5}.Release|Any CPU.ActiveCfg = Release|Any CPU
		{4C16FF30-7CFC-4C3E-8067-E5C2051D54E5}.Release|Any CPU.Build.0 = Release|Any CPU
		{4C16FF30-7CFC-4C3E-8067-E5C2051D54E5}.Release|x64.ActiveCfg = Release|Any CPU
		{4C16FF30-7CFC-4C3E-8067-E5C2051D54E5}.Release|x64.Build.0 = Release|Any CPU
		{4C16FF30-7CFC-4C3E-8067-E5C2051D54E5}.Release|x86.ActiveCfg = Release|Any CPU
		{4C16FF30-7CFC-4C3E-8067-E5C2051D54E5}.Release|x86.Build.0 = Release|Any CPU
		{E6BE9C19-D544-4B4C-8809-E89654AE2D22}.Debug|Any CPU.ActiveCfg = Debug|Any CPU
		{E6BE9C19-D544-4B4C-8809-E89654AE2D22}.Debug|Any CPU.Build.0 = Debug|Any CPU
		{E6BE9C19-D544-4B4C-8809-E89654AE2D22}.Debug|x64.ActiveCfg = Debug|Any CPU
		{E6BE9C19-D544-4B4C-8809-E89654AE2D22}.Debug|x64.Build.0 = Debug|Any CPU
		{E6BE9C19-D544-4B4C-8809-E89654AE2D22}.Debug|x86.ActiveCfg = Debug|Any CPU
		{E6BE9C19-D544-4B4C-8809-E89654AE2D22}.Debug|x86.Build.0 = Debug|Any CPU
		{E6BE9C19-D544-4B4C-8809-E89654AE2D22}.Release|Any CPU.ActiveCfg = Release|Any CPU
		{E6BE9C19-D544-4B4C-8809-E89654AE2D22}.Release|Any CPU.Build.0 = Release|Any CPU
		{E6BE9C19-D544-4B4C-8809-E89654AE2D22}.Release|x64.ActiveCfg = Release|Any CPU
		{E6BE9C19-D544-4B4C-8809-E89654AE2D22}.Release|x64.Build.0 = Release|Any CPU
		{E6BE9C19-D544-4B4C-8809-E89654AE2D22}.Release|x86.ActiveCfg = Release|Any CPU
		{E6BE9C19-D544-4B4C-8809-E89654AE2D22}.Release|x86.Build.0 = Release|Any CPU
		{2CCF227A-3B31-42FB-9E95-AD75D6C9DD94}.Debug|Any CPU.ActiveCfg = Debug|Any CPU
		{2CCF227A-3B31-42FB-9E95-AD75D6C9DD94}.Debug|Any CPU.Build.0 = Debug|Any CPU
		{2CCF227A-3B31-42FB-9E95-AD75D6C9DD94}.Debug|x64.ActiveCfg = Debug|Any CPU
		{2CCF227A-3B31-42FB-9E95-AD75D6C9DD94}.Debug|x64.Build.0 = Debug|Any CPU
		{2CCF227A-3B31-42FB-9E95-AD75D6C9DD94}.Debug|x86.ActiveCfg = Debug|Any CPU
		{2CCF227A-3B31-42FB-9E95-AD75D6C9DD94}.Debug|x86.Build.0 = Debug|Any CPU
		{2CCF227A-3B31-42FB-9E95-AD75D6C9DD94}.Release|Any CPU.ActiveCfg = Release|Any CPU
		{2CCF227A-3B31-42FB-9E95-AD75D6C9DD94}.Release|Any CPU.Build.0 = Release|Any CPU
		{2CCF227A-3B31-42FB-9E95-AD75D6C9DD94}.Release|x64.ActiveCfg = Release|Any CPU
		{2CCF227A-3B31-42FB-9E95-AD75D6C9DD94}.Release|x64.Build.0 = Release|Any CPU
		{2CCF227A-3B31-42FB-9E95-AD75D6C9DD94}.Release|x86.ActiveCfg = Release|Any CPU
		{2CCF227A-3B31-42FB-9E95-AD75D6C9DD94}.Release|x86.Build.0 = Release|Any CPU
		{EB7CBF7A-CFDD-4567-9587-AAA94CC999F7}.Debug|Any CPU.ActiveCfg = Debug|Any CPU
		{EB7CBF7A-CFDD-4567-9587-AAA94CC999F7}.Debug|Any CPU.Build.0 = Debug|Any CPU
		{EB7CBF7A-CFDD-4567-9587-AAA94CC999F7}.Debug|x64.ActiveCfg = Debug|Any CPU
		{EB7CBF7A-CFDD-4567-9587-AAA94CC999F7}.Debug|x64.Build.0 = Debug|Any CPU
		{EB7CBF7A-CFDD-4567-9587-AAA94CC999F7}.Debug|x86.ActiveCfg = Debug|Any CPU
		{EB7CBF7A-CFDD-4567-9587-AAA94CC999F7}.Debug|x86.Build.0 = Debug|Any CPU
		{EB7CBF7A-CFDD-4567-9587-AAA94CC999F7}.Release|Any CPU.ActiveCfg = Release|Any CPU
		{EB7CBF7A-CFDD-4567-9587-AAA94CC999F7}.Release|Any CPU.Build.0 = Release|Any CPU
		{EB7CBF7A-CFDD-4567-9587-AAA94CC999F7}.Release|x64.ActiveCfg = Release|Any CPU
		{EB7CBF7A-CFDD-4567-9587-AAA94CC999F7}.Release|x64.Build.0 = Release|Any CPU
		{EB7CBF7A-CFDD-4567-9587-AAA94CC999F7}.Release|x86.ActiveCfg = Release|Any CPU
		{EB7CBF7A-CFDD-4567-9587-AAA94CC999F7}.Release|x86.Build.0 = Release|Any CPU
		{9DF2486F-B9DD-4CBD-817C-7ED662E23F5F}.Debug|Any CPU.ActiveCfg = Debug|Any CPU
		{9DF2486F-B9DD-4CBD-817C-7ED662E23F5F}.Debug|Any CPU.Build.0 = Debug|Any CPU
		{9DF2486F-B9DD-4CBD-817C-7ED662E23F5F}.Debug|x64.ActiveCfg = Debug|Any CPU
		{9DF2486F-B9DD-4CBD-817C-7ED662E23F5F}.Debug|x64.Build.0 = Debug|Any CPU
		{9DF2486F-B9DD-4CBD-817C-7ED662E23F5F}.Debug|x86.ActiveCfg = Debug|Any CPU
		{9DF2486F-B9DD-4CBD-817C-7ED662E23F5F}.Debug|x86.Build.0 = Debug|Any CPU
		{9DF2486F-B9DD-4CBD-817C-7ED662E23F5F}.Release|Any CPU.ActiveCfg = Release|Any CPU
		{9DF2486F-B9DD-4CBD-817C-7ED662E23F5F}.Release|Any CPU.Build.0 = Release|Any CPU
		{9DF2486F-B9DD-4CBD-817C-7ED662E23F5F}.Release|x64.ActiveCfg = Release|Any CPU
		{9DF2486F-B9DD-4CBD-817C-7ED662E23F5F}.Release|x64.Build.0 = Release|Any CPU
		{9DF2486F-B9DD-4CBD-817C-7ED662E23F5F}.Release|x86.ActiveCfg = Release|Any CPU
		{9DF2486F-B9DD-4CBD-817C-7ED662E23F5F}.Release|x86.Build.0 = Release|Any CPU
	EndGlobalSection
	GlobalSection(SolutionProperties) = preSolution
		HideSolutionNode = FALSE
	EndGlobalSection
	GlobalSection(NestedProjects) = preSolution
		{4C16FF30-7CFC-4C3E-8067-E5C2051D54E5} = {827E0CD3-B72D-47B6-A68D-7590B98EB39B}
		{E6BE9C19-D544-4B4C-8809-E89654AE2D22} = {827E0CD3-B72D-47B6-A68D-7590B98EB39B}
		{2CCF227A-3B31-42FB-9E95-AD75D6C9DD94} = {0AB3BF05-4346-4AA6-1389-037BE0695223}
		{EB7CBF7A-CFDD-4567-9587-AAA94CC999F7} = {827E0CD3-B72D-47B6-A68D-7590B98EB39B}
		{9DF2486F-B9DD-4CBD-817C-7ED662E23F5F} = {827E0CD3-B72D-47B6-A68D-7590B98EB39B}
	EndGlobalSection
EndGlobal
